{
  "name": "@mojule/log-iisnode",
  "version": "0.1.0",
  "lockfileVersion": 1,
  "requires": true,
  "dependencies": {
    "@mojule/log-formatter": {
      "version": "0.2.0",
      "resolved": "https://registry.npmjs.org/@mojule/log-formatter/-/log-formatter-0.2.0.tgz",
      "integrity": "sha512-Nf8eZ/QeM/7Kdcr004EyLiBn8YEUdLT93tVcRHJnucIVf4xf/2wqZUAJ+iZN4mcQjF4XRCYhRok4Mi8rDQeZsA=="
    },
    "@types/node": {
      "version": "12.7.1",
      "resolved": "https://registry.npmjs.org/@types/node/-/node-12.7.1.tgz",
      "integrity": "sha512-aK9jxMypeSrhiYofWWBf/T7O+KwaiAHzM4sveCdWPn71lzUSMimRnKzhXDKfKwV1kWoBo2P1aGgaIYGLf9/ljw==",
      "dev": true
    },
    "@types/yargs-parser": {
      "version": "13.0.0",
      "resolved": "https://registry.npmjs.org/@types/yargs-parser/-/yargs-parser-13.0.0.tgz",
      "integrity": "sha512-wBlsw+8n21e6eTd4yVv8YD/E3xq0O6nNnJIquutAsFGE7EyMKz7W6RNT6BRu1SmdgmlCZ9tb0X+j+D6HGr8pZw==",
      "dev": true
    },
    "camelcase": {
      "version": "5.3.1",
      "resolved": "https://registry.npmjs.org/camelcase/-/camelcase-5.3.1.tgz",
      "integrity": "sha512-L28STB170nwWS63UjtlEOE3dldQApaJXZkOI1uMFfzf3rRuPegHaHesyee+YxQ+W6SvRDQV6UrdOdRiR153wJg=="
    },
    "decamelize": {
      "version": "1.2.0",
      "resolved": "https://registry.npmjs.org/decamelize/-/decamelize-1.2.0.tgz",
      "integrity": "sha1-9lNNFRSCabIDUue+4m9QH5oZEpA="
    },
    "yargs-parser": {
      "version": "13.1.1",
      "resolved": "https://registry.npmjs.org/yargs-parser/-/yargs-parser-13.1.1.tgz",
      "integrity": "sha512-oVAVsHz6uFrg3XQheFII8ESO2ssAf9luWuAd6Wexsu4F3OtIW0o8IribPXYrD4WC24LWtPrJlGy87y5udK+dxQ==",
      "requires": {
        "camelcase": "^5.0.0",
        "decamelize": "^1.2.0"
      }
    }
  }
}
